
Microsoft Visual Studio Solution File, Format Version 12.00
# Visual Studio Version 16
VisualStudioVersion = 16.0.30114.105
MinimumVisualStudioVersion = 10.0.40219.1
Project("{2150E333-8FDC-42A3-9474-1A3956D46DE8}") = "Source", "Source", "{BD8E680F-4C51-4D15-8E3F-FE0C20980966}"
EndProject
Project("{2150E333-8FDC-42A3-9474-1A3956D46DE8}") = "Specifications", "Specifications", "{854746AE-6F4B-44D9-858E-28FAE6BEF1CC}"
EndProject
Project("{FAE04EC0-301F-11D3-BF4B-00C04F79EFBC}") = "Microservices", "Source\Microservices\Microservices.csproj", "{E31AA133-2E3B-4B30-9A0E-C64E818FAA24}"
EndProject
Project("{2150E333-8FDC-42A3-9474-1A3956D46DE8}") = "Tooling", "Tooling", "{1AA9DF1F-AEB3-4618-B270-1B66B554E256}"
EndProject
Project("{FAE04EC0-301F-11D3-BF4B-00C04F79EFBC}") = "Aksio.Templates", "Source\Tooling\Templates\Aksio.Templates.csproj", "{8D33A3F1-FB52-4C5E-9054-C5D29A51F5EE}"
EndProject
Project("{FAE04EC0-301F-11D3-BF4B-00C04F79EFBC}") = "Microservices", "Specifications\Microservices\Microservices.csproj", "{96F0D6F8-4EF7-49EF-9808-70BDAF7E93FD}"
EndProject
Project("{FAE04EC0-301F-11D3-BF4B-00C04F79EFBC}") = "ProxyGenerator", "Source\Tooling\ProxyGenerator\ProxyGenerator.csproj", "{6986B775-7801-4564-B3A4-D9CE8F81FD16}"
EndProject
Project("{FAE04EC0-301F-11D3-BF4B-00C04F79EFBC}") = "Integration", "Source\Integration\Integration.csproj", "{CFA2F0FF-08F8-4F00-9EB0-024DB03FC627}"
EndProject
Project("{FAE04EC0-301F-11D3-BF4B-00C04F79EFBC}") = "Integration", "Specifications\Integration\Integration.csproj", "{27A53E76-568F-4225-B5C4-0FAB0D786611}"
EndProject
Project("{FAE04EC0-301F-11D3-BF4B-00C04F79EFBC}") = "CQRS", "Source\CQRS\CQRS.csproj", "{26B284C0-FC0C-4AC8-9725-435010905DA4}"
EndProject
Project("{FAE04EC0-301F-11D3-BF4B-00C04F79EFBC}") = "CQRS.MongoDB", "Source\CQRS.MongoDB\CQRS.MongoDB.csproj", "{058DF1FE-211E-4917-8DD0-3C5F3EF086BB}"
EndProject
Global
	GlobalSection(SolutionConfigurationPlatforms) = preSolution
		Debug|Any CPU = Debug|Any CPU
		Release|Any CPU = Release|Any CPU
	EndGlobalSection
	GlobalSection(SolutionProperties) = preSolution
		HideSolutionNode = FALSE
	EndGlobalSection
	GlobalSection(ProjectConfigurationPlatforms) = postSolution
		{E31AA133-2E3B-4B30-9A0E-C64E818FAA24}.Debug|Any CPU.ActiveCfg = Debug|Any CPU
		{E31AA133-2E3B-4B30-9A0E-C64E818FAA24}.Debug|Any CPU.Build.0 = Debug|Any CPU
		{E31AA133-2E3B-4B30-9A0E-C64E818FAA24}.Release|Any CPU.ActiveCfg = Release|Any CPU
		{E31AA133-2E3B-4B30-9A0E-C64E818FAA24}.Release|Any CPU.Build.0 = Release|Any CPU
		{8D33A3F1-FB52-4C5E-9054-C5D29A51F5EE}.Debug|Any CPU.ActiveCfg = Debug|Any CPU
		{8D33A3F1-FB52-4C5E-9054-C5D29A51F5EE}.Debug|Any CPU.Build.0 = Debug|Any CPU
		{8D33A3F1-FB52-4C5E-9054-C5D29A51F5EE}.Release|Any CPU.ActiveCfg = Release|Any CPU
		{8D33A3F1-FB52-4C5E-9054-C5D29A51F5EE}.Release|Any CPU.Build.0 = Release|Any CPU
		{96F0D6F8-4EF7-49EF-9808-70BDAF7E93FD}.Debug|Any CPU.ActiveCfg = Debug|Any CPU
		{96F0D6F8-4EF7-49EF-9808-70BDAF7E93FD}.Debug|Any CPU.Build.0 = Debug|Any CPU
		{96F0D6F8-4EF7-49EF-9808-70BDAF7E93FD}.Release|Any CPU.ActiveCfg = Release|Any CPU
		{96F0D6F8-4EF7-49EF-9808-70BDAF7E93FD}.Release|Any CPU.Build.0 = Release|Any CPU
		{6986B775-7801-4564-B3A4-D9CE8F81FD16}.Debug|Any CPU.ActiveCfg = Debug|Any CPU
		{6986B775-7801-4564-B3A4-D9CE8F81FD16}.Debug|Any CPU.Build.0 = Debug|Any CPU
		{6986B775-7801-4564-B3A4-D9CE8F81FD16}.Release|Any CPU.ActiveCfg = Release|Any CPU
		{6986B775-7801-4564-B3A4-D9CE8F81FD16}.Release|Any CPU.Build.0 = Release|Any CPU
		{CFA2F0FF-08F8-4F00-9EB0-024DB03FC627}.Debug|Any CPU.ActiveCfg = Debug|Any CPU
		{CFA2F0FF-08F8-4F00-9EB0-024DB03FC627}.Debug|Any CPU.Build.0 = Debug|Any CPU
		{CFA2F0FF-08F8-4F00-9EB0-024DB03FC627}.Release|Any CPU.ActiveCfg = Release|Any CPU
		{CFA2F0FF-08F8-4F00-9EB0-024DB03FC627}.Release|Any CPU.Build.0 = Release|Any CPU
		{27A53E76-568F-4225-B5C4-0FAB0D786611}.Debug|Any CPU.ActiveCfg = Debug|Any CPU
		{27A53E76-568F-4225-B5C4-0FAB0D786611}.Debug|Any CPU.Build.0 = Debug|Any CPU
		{27A53E76-568F-4225-B5C4-0FAB0D786611}.Release|Any CPU.ActiveCfg = Release|Any CPU
		{27A53E76-568F-4225-B5C4-0FAB0D786611}.Release|Any CPU.Build.0 = Release|Any CPU
		{26B284C0-FC0C-4AC8-9725-435010905DA4}.Debug|Any CPU.ActiveCfg = Debug|Any CPU
		{26B284C0-FC0C-4AC8-9725-435010905DA4}.Debug|Any CPU.Build.0 = Debug|Any CPU
		{26B284C0-FC0C-4AC8-9725-435010905DA4}.Release|Any CPU.ActiveCfg = Release|Any CPU
		{26B284C0-FC0C-4AC8-9725-435010905DA4}.Release|Any CPU.Build.0 = Release|Any CPU
		{058DF1FE-211E-4917-8DD0-3C5F3EF086BB}.Debug|Any CPU.ActiveCfg = Debug|Any CPU
		{058DF1FE-211E-4917-8DD0-3C5F3EF086BB}.Debug|Any CPU.Build.0 = Debug|Any CPU
		{058DF1FE-211E-4917-8DD0-3C5F3EF086BB}.Release|Any CPU.ActiveCfg = Release|Any CPU
		{058DF1FE-211E-4917-8DD0-3C5F3EF086BB}.Release|Any CPU.Build.0 = Release|Any CPU
	EndGlobalSection
	GlobalSection(NestedProjects) = preSolution
		{E31AA133-2E3B-4B30-9A0E-C64E818FAA24} = {BD8E680F-4C51-4D15-8E3F-FE0C20980966}
		{1AA9DF1F-AEB3-4618-B270-1B66B554E256} = {BD8E680F-4C51-4D15-8E3F-FE0C20980966}
		{8D33A3F1-FB52-4C5E-9054-C5D29A51F5EE} = {1AA9DF1F-AEB3-4618-B270-1B66B554E256}
		{96F0D6F8-4EF7-49EF-9808-70BDAF7E93FD} = {854746AE-6F4B-44D9-858E-28FAE6BEF1CC}
		{6986B775-7801-4564-B3A4-D9CE8F81FD16} = {1AA9DF1F-AEB3-4618-B270-1B66B554E256}
		{CFA2F0FF-08F8-4F00-9EB0-024DB03FC627} = {BD8E680F-4C51-4D15-8E3F-FE0C20980966}
		{27A53E76-568F-4225-B5C4-0FAB0D786611} = {854746AE-6F4B-44D9-858E-28FAE6BEF1CC}
		{26B284C0-FC0C-4AC8-9725-435010905DA4} = {BD8E680F-4C51-4D15-8E3F-FE0C20980966}
		{058DF1FE-211E-4917-8DD0-3C5F3EF086BB} = {BD8E680F-4C51-4D15-8E3F-FE0C20980966}
	EndGlobalSection
EndGlobal
