
Microsoft Visual Studio Solution File, Format Version 12.00
# Visual Studio Version 16
VisualStudioVersion = 16.0.30114.105
MinimumVisualStudioVersion = 10.0.40219.1
Project("{2150E333-8FDC-42A3-9474-1A3956D46DE8}") = "Source", "Source", "{BD8E680F-4C51-4D15-8E3F-FE0C20980966}"
EndProject
Project("{2150E333-8FDC-42A3-9474-1A3956D46DE8}") = "Fundamentals", "Fundamentals", "{05B6C270-1650-4980-A6E1-DE271A7ED5C9}"
EndProject
Project("{FAE04EC0-301F-11D3-BF4B-00C04F79EFBC}") = "Types", "Source\Fundamentals\Types\Types.csproj", "{9219598B-845E-4A27-B67F-D1E9AB3F64AE}"
EndProject
Project("{FAE04EC0-301F-11D3-BF4B-00C04F79EFBC}") = "Reflection", "Source\Fundamentals\Reflection\Reflection.csproj", "{F26DD3F4-705F-4916-A3EE-35C18CB9F0C3}"
EndProject
Project("{FAE04EC0-301F-11D3-BF4B-00C04F79EFBC}") = "Collections", "Source\Fundamentals\Collections\Collections.csproj", "{4A933E94-C778-426A-B20F-D879415A836D}"
EndProject
Project("{FAE04EC0-301F-11D3-BF4B-00C04F79EFBC}") = "DependencyInversion", "Source\Fundamentals\DependencyInversion\DependencyInversion.csproj", "{3784CAC8-602E-4A9D-BFA7-8B314F16B7F2}"
EndProject
Project("{2150E333-8FDC-42A3-9474-1A3956D46DE8}") = "Specifications", "Specifications", "{854746AE-6F4B-44D9-858E-28FAE6BEF1CC}"
EndProject
Project("{FAE04EC0-301F-11D3-BF4B-00C04F79EFBC}") = "BDD", "Specifications\BDD\BDD.csproj", "{60B1E296-04FF-4A4C-97A4-C96AFEAA0B78}"
EndProject
Project("{2150E333-8FDC-42A3-9474-1A3956D46DE8}") = "Fundamentals", "Fundamentals", "{53CD895C-2357-4749-9CED-6646CC4EC123}"
EndProject
Project("{FAE04EC0-301F-11D3-BF4B-00C04F79EFBC}") = "Collections", "Specifications\Fundamentals\Collections\Collections.csproj", "{232D115C-BC04-4177-830D-58133B9DBB55}"
EndProject
Project("{FAE04EC0-301F-11D3-BF4B-00C04F79EFBC}") = "Reflection", "Specifications\Fundamentals\Reflection\Reflection.csproj", "{F5424271-1149-487A-A7AE-CB5BCFF65D53}"
EndProject
Project("{FAE04EC0-301F-11D3-BF4B-00C04F79EFBC}") = "Types", "Specifications\Fundamentals\Types\Types.csproj", "{66239A71-F4E5-4EDC-9910-93E08DE58D38}"
EndProject
Project("{FAE04EC0-301F-11D3-BF4B-00C04F79EFBC}") = "Events", "Source\Events\Events.csproj", "{89207722-064B-4160-8114-DB8CCD53CAD3}"
EndProject
Project("{FAE04EC0-301F-11D3-BF4B-00C04F79EFBC}") = "Events", "Specifications\Events\Events.csproj", "{D08ADE9C-FA56-4CBA-A158-62106AF730BC}"
EndProject
Project("{FAE04EC0-301F-11D3-BF4B-00C04F79EFBC}") = "Logging", "Source\Logging\Logging.csproj", "{5379CC07-707D-4485-AFA6-1711A612857C}"
EndProject
Global
	GlobalSection(SolutionConfigurationPlatforms) = preSolution
		Debug|Any CPU = Debug|Any CPU
		Release|Any CPU = Release|Any CPU
	EndGlobalSection
	GlobalSection(SolutionProperties) = preSolution
		HideSolutionNode = FALSE
	EndGlobalSection
	GlobalSection(ProjectConfigurationPlatforms) = postSolution
		{9219598B-845E-4A27-B67F-D1E9AB3F64AE}.Debug|Any CPU.ActiveCfg = Debug|Any CPU
		{9219598B-845E-4A27-B67F-D1E9AB3F64AE}.Debug|Any CPU.Build.0 = Debug|Any CPU
		{9219598B-845E-4A27-B67F-D1E9AB3F64AE}.Release|Any CPU.ActiveCfg = Release|Any CPU
		{9219598B-845E-4A27-B67F-D1E9AB3F64AE}.Release|Any CPU.Build.0 = Release|Any CPU
		{F26DD3F4-705F-4916-A3EE-35C18CB9F0C3}.Debug|Any CPU.ActiveCfg = Debug|Any CPU
		{F26DD3F4-705F-4916-A3EE-35C18CB9F0C3}.Debug|Any CPU.Build.0 = Debug|Any CPU
		{F26DD3F4-705F-4916-A3EE-35C18CB9F0C3}.Release|Any CPU.ActiveCfg = Release|Any CPU
		{F26DD3F4-705F-4916-A3EE-35C18CB9F0C3}.Release|Any CPU.Build.0 = Release|Any CPU
		{4A933E94-C778-426A-B20F-D879415A836D}.Debug|Any CPU.ActiveCfg = Debug|Any CPU
		{4A933E94-C778-426A-B20F-D879415A836D}.Debug|Any CPU.Build.0 = Debug|Any CPU
		{4A933E94-C778-426A-B20F-D879415A836D}.Release|Any CPU.ActiveCfg = Release|Any CPU
		{4A933E94-C778-426A-B20F-D879415A836D}.Release|Any CPU.Build.0 = Release|Any CPU
		{3784CAC8-602E-4A9D-BFA7-8B314F16B7F2}.Debug|Any CPU.ActiveCfg = Debug|Any CPU
		{3784CAC8-602E-4A9D-BFA7-8B314F16B7F2}.Debug|Any CPU.Build.0 = Debug|Any CPU
		{3784CAC8-602E-4A9D-BFA7-8B314F16B7F2}.Release|Any CPU.ActiveCfg = Release|Any CPU
		{3784CAC8-602E-4A9D-BFA7-8B314F16B7F2}.Release|Any CPU.Build.0 = Release|Any CPU
		{60B1E296-04FF-4A4C-97A4-C96AFEAA0B78}.Debug|Any CPU.ActiveCfg = Debug|Any CPU
		{60B1E296-04FF-4A4C-97A4-C96AFEAA0B78}.Debug|Any CPU.Build.0 = Debug|Any CPU
		{60B1E296-04FF-4A4C-97A4-C96AFEAA0B78}.Release|Any CPU.ActiveCfg = Release|Any CPU
		{60B1E296-04FF-4A4C-97A4-C96AFEAA0B78}.Release|Any CPU.Build.0 = Release|Any CPU
		{232D115C-BC04-4177-830D-58133B9DBB55}.Debug|Any CPU.ActiveCfg = Debug|Any CPU
		{232D115C-BC04-4177-830D-58133B9DBB55}.Debug|Any CPU.Build.0 = Debug|Any CPU
		{232D115C-BC04-4177-830D-58133B9DBB55}.Release|Any CPU.ActiveCfg = Release|Any CPU
		{232D115C-BC04-4177-830D-58133B9DBB55}.Release|Any CPU.Build.0 = Release|Any CPU
		{F5424271-1149-487A-A7AE-CB5BCFF65D53}.Debug|Any CPU.ActiveCfg = Debug|Any CPU
		{F5424271-1149-487A-A7AE-CB5BCFF65D53}.Debug|Any CPU.Build.0 = Debug|Any CPU
		{F5424271-1149-487A-A7AE-CB5BCFF65D53}.Release|Any CPU.ActiveCfg = Release|Any CPU
		{F5424271-1149-487A-A7AE-CB5BCFF65D53}.Release|Any CPU.Build.0 = Release|Any CPU
		{66239A71-F4E5-4EDC-9910-93E08DE58D38}.Debug|Any CPU.ActiveCfg = Debug|Any CPU
		{66239A71-F4E5-4EDC-9910-93E08DE58D38}.Debug|Any CPU.Build.0 = Debug|Any CPU
		{66239A71-F4E5-4EDC-9910-93E08DE58D38}.Release|Any CPU.ActiveCfg = Release|Any CPU
		{66239A71-F4E5-4EDC-9910-93E08DE58D38}.Release|Any CPU.Build.0 = Release|Any CPU
		{89207722-064B-4160-8114-DB8CCD53CAD3}.Debug|Any CPU.ActiveCfg = Debug|Any CPU
		{89207722-064B-4160-8114-DB8CCD53CAD3}.Debug|Any CPU.Build.0 = Debug|Any CPU
		{89207722-064B-4160-8114-DB8CCD53CAD3}.Release|Any CPU.ActiveCfg = Release|Any CPU
		{89207722-064B-4160-8114-DB8CCD53CAD3}.Release|Any CPU.Build.0 = Release|Any CPU
		{D08ADE9C-FA56-4CBA-A158-62106AF730BC}.Debug|Any CPU.ActiveCfg = Debug|Any CPU
		{D08ADE9C-FA56-4CBA-A158-62106AF730BC}.Debug|Any CPU.Build.0 = Debug|Any CPU
		{D08ADE9C-FA56-4CBA-A158-62106AF730BC}.Release|Any CPU.ActiveCfg = Release|Any CPU
		{D08ADE9C-FA56-4CBA-A158-62106AF730BC}.Release|Any CPU.Build.0 = Release|Any CPU
		{5379CC07-707D-4485-AFA6-1711A612857C}.Debug|Any CPU.ActiveCfg = Debug|Any CPU
		{5379CC07-707D-4485-AFA6-1711A612857C}.Debug|Any CPU.Build.0 = Debug|Any CPU
		{5379CC07-707D-4485-AFA6-1711A612857C}.Release|Any CPU.ActiveCfg = Release|Any CPU
		{5379CC07-707D-4485-AFA6-1711A612857C}.Release|Any CPU.Build.0 = Release|Any CPU
	EndGlobalSection
	GlobalSection(NestedProjects) = preSolution
		{05B6C270-1650-4980-A6E1-DE271A7ED5C9} = {BD8E680F-4C51-4D15-8E3F-FE0C20980966}
		{9219598B-845E-4A27-B67F-D1E9AB3F64AE} = {05B6C270-1650-4980-A6E1-DE271A7ED5C9}
		{F26DD3F4-705F-4916-A3EE-35C18CB9F0C3} = {05B6C270-1650-4980-A6E1-DE271A7ED5C9}
		{4A933E94-C778-426A-B20F-D879415A836D} = {05B6C270-1650-4980-A6E1-DE271A7ED5C9}
		{3784CAC8-602E-4A9D-BFA7-8B314F16B7F2} = {05B6C270-1650-4980-A6E1-DE271A7ED5C9}
		{60B1E296-04FF-4A4C-97A4-C96AFEAA0B78} = {854746AE-6F4B-44D9-858E-28FAE6BEF1CC}
		{53CD895C-2357-4749-9CED-6646CC4EC123} = {854746AE-6F4B-44D9-858E-28FAE6BEF1CC}
		{232D115C-BC04-4177-830D-58133B9DBB55} = {53CD895C-2357-4749-9CED-6646CC4EC123}
		{F5424271-1149-487A-A7AE-CB5BCFF65D53} = {53CD895C-2357-4749-9CED-6646CC4EC123}
		{66239A71-F4E5-4EDC-9910-93E08DE58D38} = {53CD895C-2357-4749-9CED-6646CC4EC123}
		{89207722-064B-4160-8114-DB8CCD53CAD3} = {BD8E680F-4C51-4D15-8E3F-FE0C20980966}
		{D08ADE9C-FA56-4CBA-A158-62106AF730BC} = {854746AE-6F4B-44D9-858E-28FAE6BEF1CC}
		{5379CC07-707D-4485-AFA6-1711A612857C} = {BD8E680F-4C51-4D15-8E3F-FE0C20980966}
	EndGlobalSection
EndGlobal
